
Microsoft Visual Studio Solution File, Format Version 12.00
# Visual Studio 15
VisualStudioVersion = 15.0.28010.2041
MinimumVisualStudioVersion = 10.0.40219.1
Project("{9A19103F-16F7-4668-BE54-9A1E7A4F7556}") = "DirectoryManager", "DirectoryManager\DirectoryManager.csproj", "{57166F08-B02E-4E7C-A464-C8D31E07BABA}"
EndProject
Global
	GlobalSection(SolutionConfigurationPlatforms) = preSolution
		Debug|Any CPU = Debug|Any CPU
		Release|Any CPU = Release|Any CPU
	EndGlobalSection
	GlobalSection(ProjectConfigurationPlatforms) = postSolution
		{57166F08-B02E-4E7C-A464-C8D31E07BABA}.Debug|Any CPU.ActiveCfg = Debug|Any CPU
		{57166F08-B02E-4E7C-A464-C8D31E07BABA}.Debug|Any CPU.Build.0 = Debug|Any CPU
		{57166F08-B02E-4E7C-A464-C8D31E07BABA}.Release|Any CPU.ActiveCfg = Release|Any CPU
		{57166F08-B02E-4E7C-A464-C8D31E07BABA}.Release|Any CPU.Build.0 = Release|Any CPU
	EndGlobalSection
	GlobalSection(SolutionProperties) = preSolution
		HideSolutionNode = FALSE
	EndGlobalSection
	GlobalSection(ExtensibilityGlobals) = postSolution
		SolutionGuid = {7CF09107-1281-4865-B75A-C85372883439}
	EndGlobalSection
EndGlobal
